// !$*UTF8*$!
{
	archiveVersion = 1;
	classes = {
	};
	objectVersion = 46;
	objects = {

/* Begin PBXFileReference section */
		AA796FC314F575DA005D4500 /* PlugUI */ = {isa = PBXFileReference; lastKnownFileType = folder; name = PlugUI; sourceTree = "<group>"; };
/* End PBXFileReference section */

/* Begin PBXGroup section */
		AA75E264138AF96A002BBF3B = {
			isa = PBXGroup;
			children = (
				AA796FC314F575DA005D4500 /* PlugUI */,
			);
			sourceTree = "<group>";
		};
/* End PBXGroup section */

/* Begin PBXLegacyTarget section */
		AA75E26B138AF96A002BBF3B /* PlugUI */ = {
			isa = PBXLegacyTarget;
			buildArgumentsString = "$(ACTION)";
			buildConfigurationList = AA75E26E138AF96A002BBF3B /* Build configuration list for PBXLegacyTarget "PlugUI" */;
			buildPhases = (
			);
			buildToolPath = /bin/none;
			dependencies = (
			);
			name = PlugUI;
			passBuildSettingsInEnvironment = 1;
			productName = PlugUI;
		};
/* End PBXLegacyTarget section */

/* Begin PBXProject section */
		AA75E266138AF96A002BBF3B /* Project object */ = {
			isa = PBXProject;
			attributes = {
				LastUpgradeCheck = 0420;
				ORGANIZATIONNAME = none;
			};
			buildConfigurationList = AA75E269138AF96A002BBF3B /* Build configuration list for PBXProject "PlugUI" */;
			compatibilityVersion = "Xcode 3.2";
			developmentRegion = English;
			hasScannedForEncodings = 0;
			knownRegions = (
				en,
			);
			mainGroup = AA75E264138AF96A002BBF3B;
			projectDirPath = "";
			projectRoot = "";
			targets = (
				AA75E26B138AF96A002BBF3B /* PlugUI */,
			);
		};
/* End PBXProject section */

/* Begin XCBuildConfiguration section */
		AA75E26C138AF96A002BBF3B /* Debug */ = {
			isa = XCBuildConfiguration;
			buildSettings = {
				ARCHS = "$(ARCHS_STANDARD_32_64_BIT)";
				GCC_C_LANGUAGE_STANDARD = gnu99;
				GCC_OPTIMIZATION_LEVEL = 0;
				GCC_PREPROCESSOR_DEFINITIONS = DEBUG;
				GCC_SYMBOLS_PRIVATE_EXTERN = NO;
				GCC_VERSION = com.apple.compilers.llvm.clang.1_0;
				GCC_WARN_64_TO_32_BIT_CONVERSION = YES;
				GCC_WARN_ABOUT_RETURN_TYPE = YES;
				GCC_WARN_UNUSED_VARIABLE = YES;
				MACOSX_DEPLOYMENT_TARGET = 10.6;
				ONLY_ACTIVE_ARCH = YES;
				SDKROOT = macosx;
			};
			name = Debug;
		};
		AA75E26D138AF96A002BBF3B /* Release */ = {
			isa = XCBuildConfiguration;
			buildSettings = {
				ARCHS = "$(ARCHS_STANDARD_32_64_BIT)";
				GCC_C_LANGUAGE_STANDARD = gnu99;
				GCC_VERSION = com.apple.compilers.llvm.clang.1_0;
				GCC_WARN_64_TO_32_BIT_CONVERSION = YES;
				GCC_WARN_ABOUT_RETURN_TYPE = YES;
				GCC_WARN_UNUSED_VARIABLE = YES;
				MACOSX_DEPLOYMENT_TARGET = 10.6;
				SDKROOT = macosx;
			};
			name = Release;
		};
		AA75E26F138AF96A002BBF3B /* Debug */ = {
			isa = XCBuildConfiguration;
			buildSettings = {
				ALWAYS_SEARCH_USER_PATHS = NO;
				COPY_PHASE_STRIP = NO;
				DEBUGGING_SYMBOLS = YES;
				GCC_DYNAMIC_NO_PIC = NO;
				GCC_ENABLE_OBJC_EXCEPTIONS = YES;
				GCC_GENERATE_DEBUGGING_SYMBOLS = YES;
				GCC_OPTIMIZATION_LEVEL = 0;
				OTHER_CFLAGS = "";
				OTHER_LDFLAGS = "";
				PRODUCT_NAME = "$(TARGET_NAME)";
			};
			name = Debug;
		};
		AA75E270138AF96A002BBF3B /* Release */ = {
			isa = XCBuildConfiguration;
			buildSettings = {
				ALWAYS_SEARCH_USER_PATHS = NO;
				COPY_PHASE_STRIP = YES;
				DEBUG_INFORMATION_FORMAT = "dwarf-with-dsym";
				GCC_ENABLE_OBJC_EXCEPTIONS = YES;
				OTHER_CFLAGS = "";
				OTHER_LDFLAGS = "";
				PRODUCT_NAME = "$(TARGET_NAME)";
			};
			name = Release;
		};
/* End XCBuildConfiguration section */

/* Begin XCConfigurationList section */
		AA75E269138AF96A002BBF3B /* Build configuration list for PBXProject "PlugUI" */ = {
			isa = XCConfigurationList;
			buildConfigurations = (
				AA75E26C138AF96A002BBF3B /* Debug */,
				AA75E26D138AF96A002BBF3B /* Release */,
			);
			defaultConfigurationIsVisible = 0;
			defaultConfigurationName = Release;
		};
		AA75E26E138AF96A002BBF3B /* Build configuration list for PBXLegacyTarget "PlugUI" */ = {
			isa = XCConfigurationList;
			buildConfigurations = (
				AA75E26F138AF96A002BBF3B /* Debug */,
				AA75E270138AF96A002BBF3B /* Release */,
			);
			defaultConfigurationIsVisible = 0;
			defaultConfigurationName = Release;
		};
/* End XCConfigurationList section */
	};
	rootObject = AA75E266138AF96A002BBF3B /* Project object */;
}
